
Microsoft Visual Studio Solution File, Format Version 12.00
# Visual Studio Version 16
VisualStudioVersion = 16.0.29102.190
MinimumVisualStudioVersion = 10.0.40219.1
Project("{FAE04EC0-301F-11D3-BF4B-00C04F79EFBC}") = "Codeblocks", "Codeblocks\Codeblocks.csproj", "{D0A2F981-7219-4C1F-B10A-B38798323026}"
EndProject
Global
	GlobalSection(SolutionConfigurationPlatforms) = preSolution
		Debug|Any CPU = Debug|Any CPU
		Release|Any CPU = Release|Any CPU
	EndGlobalSection
	GlobalSection(ProjectConfigurationPlatforms) = postSolution
		{D0A2F981-7219-4C1F-B10A-B38798323026}.Debug|Any CPU.ActiveCfg = Debug|Any CPU
		{D0A2F981-7219-4C1F-B10A-B38798323026}.Debug|Any CPU.Build.0 = Debug|Any CPU
		{D0A2F981-7219-4C1F-B10A-B38798323026}.Release|Any CPU.ActiveCfg = Release|Any CPU
		{D0A2F981-7219-4C1F-B10A-B38798323026}.Release|Any CPU.Build.0 = Release|Any CPU
	EndGlobalSection
	GlobalSection(SolutionProperties) = preSolution
		HideSolutionNode = FALSE
	EndGlobalSection
	GlobalSection(ExtensibilityGlobals) = postSolution
		SolutionGuid = {B0F60B42-07D6-4F80-BEB1-16CBF9F168F3}
	EndGlobalSection
EndGlobal
